
Microsoft Visual Studio Solution File, Format Version 12.00
# Visual Studio 15
VisualStudioVersion = 15.0.28010.2041
MinimumVisualStudioVersion = 10.0.40219.1
Project("{9A19103F-16F7-4668-BE54-9A1E7A4F7556}") = "IOTDemo", "IOTDemo\IOTDemo.csproj", "{ECE4B8E2-184B-4C71-9ABD-38C77F59385D}"
EndProject
Project("{9A19103F-16F7-4668-BE54-9A1E7A4F7556}") = "DeviceMonitor", "DeviceMonitor\DeviceMonitor.csproj", "{A12681C1-F71C-44A5-8E9D-5031AEB73D6E}"
EndProject
Project("{FAE04EC0-301F-11D3-BF4B-00C04F79EFBC}") = "DeviceEventProcessing", "DeviceEventProcessing\DeviceEventProcessing.csproj", "{971A1F9D-480D-4F3C-A79E-E6F3D8DF5AB7}"
EndProject
Global
	GlobalSection(SolutionConfigurationPlatforms) = preSolution
		Debug|Any CPU = Debug|Any CPU
		Release|Any CPU = Release|Any CPU
	EndGlobalSection
	GlobalSection(ProjectConfigurationPlatforms) = postSolution
		{ECE4B8E2-184B-4C71-9ABD-38C77F59385D}.Debug|Any CPU.ActiveCfg = Debug|Any CPU
		{ECE4B8E2-184B-4C71-9ABD-38C77F59385D}.Debug|Any CPU.Build.0 = Debug|Any CPU
		{ECE4B8E2-184B-4C71-9ABD-38C77F59385D}.Release|Any CPU.ActiveCfg = Release|Any CPU
		{ECE4B8E2-184B-4C71-9ABD-38C77F59385D}.Release|Any CPU.Build.0 = Release|Any CPU
		{A12681C1-F71C-44A5-8E9D-5031AEB73D6E}.Debug|Any CPU.ActiveCfg = Debug|Any CPU
		{A12681C1-F71C-44A5-8E9D-5031AEB73D6E}.Debug|Any CPU.Build.0 = Debug|Any CPU
		{A12681C1-F71C-44A5-8E9D-5031AEB73D6E}.Release|Any CPU.ActiveCfg = Release|Any CPU
		{A12681C1-F71C-44A5-8E9D-5031AEB73D6E}.Release|Any CPU.Build.0 = Release|Any CPU
		{971A1F9D-480D-4F3C-A79E-E6F3D8DF5AB7}.Debug|Any CPU.ActiveCfg = Debug|Any CPU
		{971A1F9D-480D-4F3C-A79E-E6F3D8DF5AB7}.Debug|Any CPU.Build.0 = Debug|Any CPU
		{971A1F9D-480D-4F3C-A79E-E6F3D8DF5AB7}.Release|Any CPU.ActiveCfg = Release|Any CPU
		{971A1F9D-480D-4F3C-A79E-E6F3D8DF5AB7}.Release|Any CPU.Build.0 = Release|Any CPU
	EndGlobalSection
	GlobalSection(SolutionProperties) = preSolution
		HideSolutionNode = FALSE
	EndGlobalSection
	GlobalSection(ExtensibilityGlobals) = postSolution
		SolutionGuid = {05E644E9-7E06-4B68-AA02-72E5EC4A323D}
	EndGlobalSection
EndGlobal
